lockfileVersion: 5.3

specifiers:
  '@mussi/vitepress-theme': ^1.0.1
  '@octokit/core': ^3.5.1
  '@types/markdown-it': ^12.2.3
  '@vue/repl': ^1.0.0
  '@vue/theme': ^1.0.1
  dynamics.js: ^1.1.5
  gsap: ^3.9.1
  markdown-it: ^12.3.2
  naive-ui: ^2.26.0
  vfonts: ^0.0.3
  vitepress: ^0.22.3
  vue: ^3.2.31

dependencies:
  '@mussi/vitepress-theme': 1.0.1_vue@3.2.31
  '@octokit/core': 3.5.1
  '@vue/repl': 1.0.0_vue@3.2.31
  '@vue/theme': 1.0.1_vue@3.2.31
  dynamics.js: 1.1.5
  gsap: 3.9.1
  markdown-it: 12.3.2
  vue: 3.2.31

devDependencies:
  '@types/markdown-it': 12.2.3
  naive-ui: 2.26.0_vue@3.2.31
  vfonts: 0.0.3
  vitepress: 0.22.3

packages:

  /@algolia/autocomplete-core/1.5.2:
    resolution: {integrity: sha512-DY0bhyczFSS1b/CqJlTE/nQRtnTAHl6IemIkBy0nEWnhDzRDdtdx4p5Uuk3vwAFxwEEgi1WqKwgSSMx6DpNL4A==}
    dependencies:
      '@algolia/autocomplete-shared': 1.5.2

  /@algolia/autocomplete-preset-algolia/1.5.2_algoliasearch@4.12.2:
    resolution: {integrity: sha512-3MRYnYQFJyovANzSX2CToS6/5cfVjbLLqFsZTKcvF3abhQzxbqwwaMBlJtt620uBUOeMzhdfasKhCc40+RHiZw==}
    peerDependencies:
      '@algolia/client-search': ^4.9.1
      algoliasearch: ^4.9.1
    dependencies:
      '@algolia/autocomplete-shared': 1.5.2
      algoliasearch: 4.12.2

  /@algolia/autocomplete-shared/1.5.2:
    resolution: {integrity: sha512-ylQAYv5H0YKMfHgVWX0j0NmL8XBcAeeeVQUmppnnMtzDbDnca6CzhKj3Q8eF9cHCgcdTDdb5K+3aKyGWA0obug==}

  /@algolia/cache-browser-local-storage/4.12.2:
    resolution: {integrity: sha512-z8LjFsQc0B6h6LEE3pkUGM4ErVktn6bkFbhnYbTccjmFVQ+wXFJd/D63e0WtaC+hwRB1xq8uKhkz9oojEKEsGA==}
    dependencies:
      '@algolia/cache-common': 4.12.2

  /@algolia/cache-common/4.12.2:
    resolution: {integrity: sha512-r//r7MF0Na0HxD2BHnjWsDKuI72Z5UEf/Rb/8MC08XKBsjCwBihGxWxycjRcNGjNEIxJBsvRMIEOipcd9qD54g==}

  /@algolia/cache-in-memory/4.12.2:
    resolution: {integrity: sha512-opWpbBUloP1fcTG3wBDnAfcoyNXW5GFDgGtLXrSANdfnelPKkr3O8j01ZTkRlPIuBDR0izGZG8MVWMDlTf71Bw==}
    dependencies:
      '@algolia/cache-common': 4.12.2

  /@algolia/client-account/4.12.2:
    resolution: {integrity: sha512-HZqEyeVVjzOlfoSUyc+7+ueEJmRgqSuC+hqQOGECYa5JVno4d8eRVuDAMOb87I2LOdg/WoFMcAtaaRq2gpfV/w==}
    dependencies:
      '@algolia/client-common': 4.12.2
      '@algolia/client-search': 4.12.2
      '@algolia/transporter': 4.12.2

  /@algolia/client-analytics/4.12.2:
    resolution: {integrity: sha512-7ktimzesu+vk3l+eG9w/nQh6/9AoIieCKmoiRIguKh6okGsaSBrcTHvUwIQEIiliqPuAFBk2M8eXYFqOZzwCZw==}
    dependencies:
      '@algolia/client-common': 4.12.2
      '@algolia/client-search': 4.12.2
      '@algolia/requester-common': 4.12.2
      '@algolia/transporter': 4.12.2

  /@algolia/client-common/4.12.2:
    resolution: {integrity: sha512-+dTicT1lklwOpeoiDspUoRSQYHhrr2IzllrX89/WuTPEBm2eww1xurqrSTQYC0MuVeX1s9/i4k34Q0ZnspypWg==}
    dependencies:
      '@algolia/requester-common': 4.12.2
      '@algolia/transporter': 4.12.2

  /@algolia/client-personalization/4.12.2:
    resolution: {integrity: sha512-JBW3vYFGIm5sAAy3cLUdmUCpmSAdreo5S1fERg7xgF6KyxGrwyy5BViTNWrOKG+av2yusk1wKydOYJ1Fbpbaxw==}
    dependencies:
      '@algolia/client-common': 4.12.2
      '@algolia/requester-common': 4.12.2
      '@algolia/transporter': 4.12.2

  /@algolia/client-search/4.12.2:
    resolution: {integrity: sha512-JIqi14TgfEqAooNbSPBC1ZCk3Pnviqlaz9KofAqWBxSRTpPUFnU/XQCU5ihR0PC68SFVDnU/Y9cak/XotXPUeg==}
    dependencies:
      '@algolia/client-common': 4.12.2
      '@algolia/requester-common': 4.12.2
      '@algolia/transporter': 4.12.2

  /@algolia/logger-common/4.12.2:
    resolution: {integrity: sha512-iOiJAymLjq137G7+8EQuUEkrgta0cZGMg6scp8s4hJ+X6k+6By4nyptdkCWYwKLsW/Xy927QcIhGlkWV78vQIQ==}

  /@algolia/logger-console/4.12.2:
    resolution: {integrity: sha512-veuQZyTSqHoHJtr9mLMnYeal9Mee6hCie4eqY+645VbeOrgT9p/kCMbKg5GLJGoLPlXGu7C0XpHyUj5k7/NQyw==}
    dependencies:
      '@algolia/logger-common': 4.12.2

  /@algolia/requester-browser-xhr/4.12.2:
    resolution: {integrity: sha512-FpFdHNd81tS3zj6Glqd+lt+RV0ljPExKtx+QB+gani6HWZ9YlSCM+Zl82T4ibxN+hmkrMeAyT+TMzS0jiGhGyQ==}
    dependencies:
      '@algolia/requester-common': 4.12.2

  /@algolia/requester-common/4.12.2:
    resolution: {integrity: sha512-4szj/lvDQf/u8EyyRBBRZD1ZkKDyLBbckLj7meQDlnbfwnW1UpLwpB2l3XJ9wDmDSftGxUCeTl5oMFe4z9OEvQ==}

  /@algolia/requester-node-http/4.12.2:
    resolution: {integrity: sha512-UXfJNZt2KMwjBjiOa3cJ/PyoXWZa/F1vy6rdyG4xQeZDcLbqKP3O2b+bOJcGPmFbmdwBhtAyMVLt+hvAvAVfOw==}
    dependencies:
      '@algolia/requester-common': 4.12.2

  /@algolia/transporter/4.12.2:
    resolution: {integrity: sha512-PUq79if4CukXsm27ymTQ3eD3juSvMcyJmt6mxCkSFE0zQRL4ert61HBlNH6S9y/quUVe3g7oggfHq3d5pdpqZA==}
    dependencies:
      '@algolia/cache-common': 4.12.2
      '@algolia/logger-common': 4.12.2
      '@algolia/requester-common': 4.12.2

  /@babel/parser/7.17.3:
    resolution: {integrity: sha512-7yJPvPV+ESz2IUTPbOL+YkIGyCqOyNIzdguKQuJGnH7bg1WTIifuM21YqokFt/THWh1AkCRn9IgoykTRCBVpzA==}
    engines: {node: '>=6.0.0'}
    hasBin: true

  /@css-render/plugin-bem/0.15.8_css-render@0.15.8:
    resolution: {integrity: sha512-rJMFBaqZGrezs1d0vPB7hZTSkfFEgcdWxPMtLUmm9PAOioWtw+Knb9A0xU0bYazPKDo0SoNVVcd1Qd1LXD9x4Q==}
    peerDependencies:
      css-render: ~0.15.8
    dependencies:
      css-render: 0.15.8
    dev: true

  /@css-render/vue3-ssr/0.15.8_vue@3.2.31:
    resolution: {integrity: sha512-zPFyOH47hEcyRgoIjNEwzYqZEq/LEXPafDXY/9EMpvgCmsPhW1bpC3w8YwAISaP519QesJ/8aNDL/xWKpwXBvQ==}
    peerDependencies:
      vue: ^3.0.11
    dependencies:
      vue: 3.2.31
    dev: true

  /@docsearch/css/3.0.0:
    resolution: {integrity: sha512-1kkV7tkAsiuEd0shunYRByKJe3xQDG2q7wYg24SOw1nV9/2lwEd4WrUYRJC/ukGTl2/kHeFxsaUvtiOy0y6fFA==}

  /@docsearch/js/3.0.0:
    resolution: {integrity: sha512-j3tUJWlgW3slYqzGB8fm7y05kh2qqrIK1dZOXHeMUm/5gdKE85fiz/ltfCPMDFb/MXF+bLZChJXSMzqY0Ck30Q==}
    dependencies:
      '@docsearch/react': 3.0.0
      preact: 10.6.6
    transitivePeerDependencies:
      - '@algolia/client-search'
      - '@types/react'
      - react
      - react-dom

  /@docsearch/react/3.0.0:
    resolution: {integrity: sha512-yhMacqS6TVQYoBh/o603zszIb5Bl8MIXuOc6Vy617I74pirisDzzcNh0NEaYQt50fVVR3khUbeEhUEWEWipESg==}
    peerDependencies:
      '@types/react': '>= 16.8.0 < 18.0.0'
      react: '>= 16.8.0 < 18.0.0'
      react-dom: '>= 16.8.0 < 18.0.0'
    dependencies:
      '@algolia/autocomplete-core': 1.5.2
      '@algolia/autocomplete-preset-algolia': 1.5.2_algoliasearch@4.12.2
      '@docsearch/css': 3.0.0
      algoliasearch: 4.12.2
    transitivePeerDependencies:
      - '@algolia/client-search'

  /@emotion/hash/0.8.0:
    resolution: {integrity: sha512-kBJtf7PH6aWwZ6fka3zQ0p6SBYzx4fl1LoZXE2RrnYST9Xljm7WfKJrU4g/Xr3Beg72MLrp1AWNUmuYJTL7Cow==}
    dev: true

  /@mussi/vitepress-theme/1.0.1_vue@3.2.31:
    resolution: {integrity: sha512-ovvErYhMHUXAVW3wDMaaryMo2s9W82jN3EV55TCHNhghvIa+Prdn5hG11v/yyPGU/4RtmWV2QVXbXkqwWsN/rQ==}
    dependencies:
      '@docsearch/css': 3.0.0
      '@docsearch/js': 3.0.0
      '@vueuse/core': 7.7.1_vue@3.2.31
      body-scroll-lock: 3.1.5
      normalize.css: 8.0.1
      shiki: 0.9.15
    transitivePeerDependencies:
      - '@algolia/client-search'
      - '@types/react'
      - '@vue/composition-api'
      - react
      - react-dom
      - vue
    dev: false

  /@octokit/auth-token/2.5.0:
    resolution: {integrity: sha512-r5FVUJCOLl19AxiuZD2VRZ/ORjp/4IN98Of6YJoJOkY75CIBuYfmiNHGrDwXr+aLGG55igl9QrxX3hbiXlLb+g==}
    dependencies:
      '@octokit/types': 6.34.0
    dev: false

  /@octokit/core/3.5.1:
    resolution: {integrity: sha512-omncwpLVxMP+GLpLPgeGJBF6IWJFjXDS5flY5VbppePYX9XehevbDykRH9PdCdvqt9TS5AOTiDide7h0qrkHjw==}
    dependencies:
      '@octokit/auth-token': 2.5.0
      '@octokit/graphql': 4.8.0
      '@octokit/request': 5.6.3
      '@octokit/request-error': 2.1.0
      '@octokit/types': 6.34.0
      before-after-hook: 2.2.2
      universal-user-agent: 6.0.0
    transitivePeerDependencies:
      - encoding
    dev: false

  /@octokit/endpoint/6.0.12:
    resolution: {integrity: sha512-lF3puPwkQWGfkMClXb4k/eUT/nZKQfxinRWJrdZaJO85Dqwo/G0yOC434Jr2ojwafWJMYqFGFa5ms4jJUgujdA==}
    dependencies:
      '@octokit/types': 6.34.0
      is-plain-object: 5.0.0
      universal-user-agent: 6.0.0
    dev: false

  /@octokit/graphql/4.8.0:
    resolution: {integrity: sha512-0gv+qLSBLKF0z8TKaSKTsS39scVKF9dbMxJpj3U0vC7wjNWFuIpL/z76Qe2fiuCbDRcJSavkXsVtMS6/dtQQsg==}
    dependencies:
      '@octokit/request': 5.6.3
      '@octokit/types': 6.34.0
      universal-user-agent: 6.0.0
    transitivePeerDependencies:
      - encoding
    dev: false

  /@octokit/openapi-types/11.2.0:
    resolution: {integrity: sha512-PBsVO+15KSlGmiI8QAzaqvsNlZlrDlyAJYcrXBCvVUxCp7VnXjkwPoFHgjEJXx3WF9BAwkA6nfCUA7i9sODzKA==}
    dev: false

  /@octokit/request-error/2.1.0:
    resolution: {integrity: sha512-1VIvgXxs9WHSjicsRwq8PlR2LR2x6DwsJAaFgzdi0JfJoGSO8mYI/cHJQ+9FbN21aa+DrgNLnwObmyeSC8Rmpg==}
    dependencies:
      '@octokit/types': 6.34.0
      deprecation: 2.3.1
      once: 1.4.0
    dev: false

  /@octokit/request/5.6.3:
    resolution: {integrity: sha512-bFJl0I1KVc9jYTe9tdGGpAMPy32dLBXXo1dS/YwSCTL/2nd9XeHsY616RE3HPXDVk+a+dBuzyz5YdlXwcDTr2A==}
    dependencies:
      '@octokit/endpoint': 6.0.12
      '@octokit/request-error': 2.1.0
      '@octokit/types': 6.34.0
      is-plain-object: 5.0.0
      node-fetch: 2.6.7
      universal-user-agent: 6.0.0
    transitivePeerDependencies:
      - encoding
    dev: false

  /@octokit/types/6.34.0:
    resolution: {integrity: sha512-s1zLBjWhdEI2zwaoSgyOFoKSl109CUcVBCc7biPJ3aAf6LGLU6szDvi31JPU7bxfla2lqfhjbbg/5DdFNxOwHw==}
    dependencies:
      '@octokit/openapi-types': 11.2.0
    dev: false

  /@types/jest/27.4.1:
    resolution: {integrity: sha512-23iPJADSmicDVrWk+HT58LMJtzLAnB2AgIzplQuq/bSrGaxCrlvRFjGbXmamnnk/mAmCdLStiGqggu28ocUyiw==}
    dependencies:
      jest-matcher-utils: 27.5.1
      pretty-format: 27.5.1
    dev: true

  /@types/linkify-it/3.0.2:
    resolution: {integrity: sha512-HZQYqbiFVWufzCwexrvh694SOim8z2d+xJl5UNamcvQFejLY/2YUtzXHYi3cHdI7PMlS8ejH2slRAOJQ32aNbA==}
    dev: true

  /@types/lodash-es/4.17.6:
    resolution: {integrity: sha512-R+zTeVUKDdfoRxpAryaQNRKk3105Rrgx2CFRClIgRGaqDTdjsm8h6IYA8ir584W3ePzkZfst5xIgDwYrlh9HLg==}
    dependencies:
      '@types/lodash': 4.14.179
    dev: true

  /@types/lodash/4.14.179:
    resolution: {integrity: sha512-uwc1x90yCKqGcIOAT6DwOSuxnrAbpkdPsUOZtwrXb4D/6wZs+6qG7QnIawDuZWg0sWpxl+ltIKCaLoMlna678w==}
    dev: true

  /@types/markdown-it/12.2.3:
    resolution: {integrity: sha512-GKMHFfv3458yYy+v/N8gjufHO6MSZKCOXpZc5GXIWWy8uldwfmPn98vp81gZ5f9SVw8YYBctgfJ22a2d7AOMeQ==}
    dependencies:
      '@types/linkify-it': 3.0.2
      '@types/mdurl': 1.0.2
    dev: true

  /@types/mdurl/1.0.2:
    resolution: {integrity: sha512-eC4U9MlIcu2q0KQmXszyn5Akca/0jrQmwDRgpAMJai7qBWq4amIQhZyNau4VYGtCeALvW1/NtjzJJ567aZxfKA==}
    dev: true

  /@types/node/14.14.45:
    resolution: {integrity: sha512-DssMqTV9UnnoxDWu959sDLZzfvqCF0qDNRjaWeYSui9xkFe61kKo4l1TWNTQONpuXEm+gLMRvdlzvNHBamzmEw==}
    dev: true

  /@vitejs/plugin-vue/2.2.4_vite@2.8.6+vue@3.2.31:
    resolution: {integrity: sha512-ev9AOlp0ljCaDkFZF3JwC/pD2N4Hh+r5srl5JHM6BKg5+99jiiK0rE/XaRs3pVm1wzyKkjUy/StBSoXX5fFzcw==}
    engines: {node: '>=12.0.0'}
    peerDependencies:
      vite: ^2.5.10
      vue: ^3.2.25
    dependencies:
      vite: 2.8.6
      vue: 3.2.31
    dev: true

  /@vue/compiler-core/3.2.31:
    resolution: {integrity: sha512-aKno00qoA4o+V/kR6i/pE+aP+esng5siNAVQ422TkBNM6qA4veXiZbSe8OTXHXquEi/f6Akc+nLfB4JGfe4/WQ==}
    dependencies:
      '@babel/parser': 7.17.3
      '@vue/shared': 3.2.31
      estree-walker: 2.0.2
      source-map: 0.6.1

  /@vue/compiler-dom/3.2.31:
    resolution: {integrity: sha512-60zIlFfzIDf3u91cqfqy9KhCKIJgPeqxgveH2L+87RcGU/alT6BRrk5JtUso0OibH3O7NXuNOQ0cDc9beT0wrg==}
    dependencies:
      '@vue/compiler-core': 3.2.31
      '@vue/shared': 3.2.31

  /@vue/compiler-sfc/3.2.31:
    resolution: {integrity: sha512-748adc9msSPGzXgibHiO6T7RWgfnDcVQD+VVwYgSsyyY8Ans64tALHZANrKtOzvkwznV/F4H7OAod/jIlp/dkQ==}
    dependencies:
      '@babel/parser': 7.17.3
      '@vue/compiler-core': 3.2.31
      '@vue/compiler-dom': 3.2.31
      '@vue/compiler-ssr': 3.2.31
      '@vue/reactivity-transform': 3.2.31
      '@vue/shared': 3.2.31
      estree-walker: 2.0.2
      magic-string: 0.25.9
      postcss: 8.4.7
      source-map: 0.6.1

  /@vue/compiler-ssr/3.2.31:
    resolution: {integrity: sha512-mjN0rqig+A8TVDnsGPYJM5dpbjlXeHUm2oZHZwGyMYiGT/F4fhJf/cXy8QpjnLQK4Y9Et4GWzHn9PS8AHUnSkw==}
    dependencies:
      '@vue/compiler-dom': 3.2.31
      '@vue/shared': 3.2.31

  /@vue/reactivity-transform/3.2.31:
    resolution: {integrity: sha512-uS4l4z/W7wXdI+Va5pgVxBJ345wyGFKvpPYtdSgvfJfX/x2Ymm6ophQlXXB6acqGHtXuBqNyyO3zVp9b1r0MOA==}
    dependencies:
      '@babel/parser': 7.17.3
      '@vue/compiler-core': 3.2.31
      '@vue/shared': 3.2.31
      estree-walker: 2.0.2
      magic-string: 0.25.9

  /@vue/reactivity/3.2.31:
    resolution: {integrity: sha512-HVr0l211gbhpEKYr2hYe7hRsV91uIVGFYNHj73njbARVGHQvIojkImKMaZNDdoDZOIkMsBc9a1sMqR+WZwfSCw==}
    dependencies:
      '@vue/shared': 3.2.31

  /@vue/repl/1.0.0_vue@3.2.31:
    resolution: {integrity: sha512-cDcQuWKZuA0Y0JYEpiQS/ZAEGP/RrfkcK+zKm5H8tUjfD8XIxYHY+sQGoY6FSkz/gAOQJocrsaPgt7ddKL0inQ==}
    peerDependencies:
      vue: ^3.2.13
    dependencies:
      vue: 3.2.31
    dev: false

  /@vue/runtime-core/3.2.31:
    resolution: {integrity: sha512-Kcog5XmSY7VHFEMuk4+Gap8gUssYMZ2+w+cmGI6OpZWYOEIcbE0TPzzPHi+8XTzAgx1w/ZxDFcXhZeXN5eKWsA==}
    dependencies:
      '@vue/reactivity': 3.2.31
      '@vue/shared': 3.2.31

  /@vue/runtime-dom/3.2.31:
    resolution: {integrity: sha512-N+o0sICVLScUjfLG7u9u5XCjvmsexAiPt17GNnaWHJUfsKed5e85/A3SWgKxzlxx2SW/Hw7RQxzxbXez9PtY3g==}
    dependencies:
      '@vue/runtime-core': 3.2.31
      '@vue/shared': 3.2.31
      csstype: 2.6.20

  /@vue/server-renderer/3.2.31_vue@3.2.31:
    resolution: {integrity: sha512-8CN3Zj2HyR2LQQBHZ61HexF5NReqngLT3oahyiVRfSSvak+oAvVmu8iNLSu6XR77Ili2AOpnAt1y8ywjjqtmkg==}
    peerDependencies:
      vue: 3.2.31
    dependencies:
      '@vue/compiler-ssr': 3.2.31
      '@vue/shared': 3.2.31
      vue: 3.2.31

  /@vue/shared/3.2.31:
    resolution: {integrity: sha512-ymN2pj6zEjiKJZbrf98UM2pfDd6F2H7ksKw7NDt/ZZ1fh5Ei39X5tABugtT03ZRlWd9imccoK0hE8hpjpU7irQ==}

  /@vue/theme/1.0.1_vue@3.2.31:
    resolution: {integrity: sha512-yVynG5l1BNAh8eQCGg19cyt5TMcbqQCAErT/XZUJOjVT4FjGK1ofGc3wUnDan1JSRF2WNBLOLZHwjc5dJy1Haw==}
    dependencies:
      '@docsearch/css': 3.0.0
      '@docsearch/js': 3.0.0
      '@vueuse/core': 7.7.1_vue@3.2.31
      body-scroll-lock: 3.1.5
      normalize.css: 8.0.1
      shiki: 0.9.15
    transitivePeerDependencies:
      - '@algolia/client-search'
      - '@types/react'
      - '@vue/composition-api'
      - react
      - react-dom
      - vue
    dev: false

  /@vueuse/core/7.7.1_vue@3.2.31:
    resolution: {integrity: sha512-PRRgbATMpoeUmkCEBtUeJgOwtew8s+4UsEd+Pm7MhkjL2ihCNrSqxNVtM6NFE4uP2sWnkGcZpCjPuNSxowJ1Ow==}
    peerDependencies:
      '@vue/composition-api': ^1.1.0
      vue: ^2.6.0 || ^3.2.0
    peerDependenciesMeta:
      '@vue/composition-api':
        optional: true
      vue:
        optional: true
    dependencies:
      '@vueuse/shared': 7.7.1_vue@3.2.31
      vue: 3.2.31
      vue-demi: 0.12.1_vue@3.2.31
    dev: false

  /@vueuse/shared/7.7.1_vue@3.2.31:
    resolution: {integrity: sha512-rN2qd22AUl7VdBxihagWyhUNHCyVk9IpvBTTfHoLH9G7rGE552X1f+zeCfehuno0zXif13jPw+icW/wn2a0rnQ==}
    peerDependencies:
      '@vue/composition-api': ^1.1.0
      vue: ^2.6.0 || ^3.2.0
    peerDependenciesMeta:
      '@vue/composition-api':
        optional: true
      vue:
        optional: true
    dependencies:
      vue: 3.2.31
      vue-demi: 0.12.1_vue@3.2.31
    dev: false

  /algoliasearch/4.12.2:
    resolution: {integrity: sha512-bn1P9+V415zeDQJtXn+1SwuwedEAv9/LJAxt8XwR6ygH/sMwaHSm2hpkz8wIbCBt/tKQ43TL672Kyxzv5PwGgQ==}
    dependencies:
      '@algolia/cache-browser-local-storage': 4.12.2
      '@algolia/cache-common': 4.12.2
      '@algolia/cache-in-memory': 4.12.2
      '@algolia/client-account': 4.12.2
      '@algolia/client-analytics': 4.12.2
      '@algolia/client-common': 4.12.2
      '@algolia/client-personalization': 4.12.2
      '@algolia/client-search': 4.12.2
      '@algolia/logger-common': 4.12.2
      '@algolia/logger-console': 4.12.2
      '@algolia/requester-browser-xhr': 4.12.2
      '@algolia/requester-common': 4.12.2
      '@algolia/requester-node-http': 4.12.2
      '@algolia/transporter': 4.12.2

  /ansi-regex/5.0.1:
    resolution: {integrity: sha512-quJQXlTSUGL2LH9SUXo8VwsY4soanhgo6LNSm84E1LBcE8s3O0wpdiRzyR9z/ZZJMlMWv37qOOb9pdJlMUEKFQ==}
    engines: {node: '>=8'}
    dev: true

  /ansi-styles/4.3.0:
    resolution: {integrity: sha512-zbB9rCJAT1rbjiVDb2hqKFHNYLxgtk8NURxZ3IZwD3F6NtxbXZQCnnSi1Lkx+IDohdPlFp222wVALIheZJQSEg==}
    engines: {node: '>=8'}
    dependencies:
      color-convert: 2.0.1
    dev: true

  /ansi-styles/5.2.0:
    resolution: {integrity: sha512-Cxwpt2SfTzTtXcfOlzGEee8O+c+MmUgGrNiBcXnuWxuFJHe6a5Hz7qwhwe5OgaSYI0IJvkLqWX1ASG+cJOkEiA==}
    engines: {node: '>=10'}
    dev: true

  /argparse/2.0.1:
    resolution: {integrity: sha512-8+9WqebbFzpX9OR+Wa6O29asIogeRMzcGtAINdpMHHyAg10f05aSFVBbcEqGf/PXw1EjAZ+q2/bEBg3DvurK3Q==}
    dev: false

  /async-validator/4.0.7:
    resolution: {integrity: sha512-Pj2IR7u8hmUEDOwB++su6baaRi+QvsgajuFB9j95foM1N2gy5HM4z60hfusIO0fBPG5uLAEl6yCJr1jNSVugEQ==}
    dev: true

  /before-after-hook/2.2.2:
    resolution: {integrity: sha512-3pZEU3NT5BFUo/AD5ERPWOgQOCZITni6iavr5AUw5AUwQjMlI0kzu5btnyD39AF0gUEsDPwJT+oY1ORBJijPjQ==}
    dev: false

  /body-scroll-lock/3.1.5:
    resolution: {integrity: sha512-Yi1Xaml0EvNA0OYWxXiYNqY24AfWkbA6w5vxE7GWxtKfzIbZM+Qw+aSmkgsbWzbHiy/RCSkUZBplVxTA+E4jJg==}
    dev: false

  /chalk/4.1.2:
    resolution: {integrity: sha512-oKnbhFyRIXpUuez8iBMmyEa4nbj4IOQyuhc/wy9kY7/WVPcwIO9VA668Pu8RkO7+0G76SLROeyw9CpQ061i4mA==}
    engines: {node: '>=10'}
    dependencies:
      ansi-styles: 4.3.0
      supports-color: 7.2.0
    dev: true

  /color-convert/2.0.1:
    resolution: {integrity: sha512-RRECPsj7iu/xb5oKYcsFHSppFNnsj/52OVTRKb4zP5onXwVF3zVmmToNcOfGC+CRDpfK/U584fMg38ZHCaElKQ==}
    engines: {node: '>=7.0.0'}
    dependencies:
      color-name: 1.1.4
    dev: true

  /color-name/1.1.4:
    resolution: {integrity: sha512-dOy+3AuW3a2wNbZHIuMZpTcgjGuLU/uBL/ubcZF9OXbDo8ff4O8yVp5Bf0efS8uEoYo5q4Fx7dY9OgQGXgAsQA==}
    dev: true

  /css-render/0.15.8:
    resolution: {integrity: sha512-k1gp1MgYDPrFZhzheQkSwm6dmP6nPe2XE6WYpJBPwEc3GbMANPJZfxl7ofZlTl8/+tpMRiGTTgUkTlXaVbLxog==}
    dependencies:
      '@emotion/hash': 0.8.0
      '@types/node': 14.14.45
      csstype: 3.0.11
    dev: true

  /csstype/2.6.20:
    resolution: {integrity: sha512-/WwNkdXfckNgw6S5R125rrW8ez139lBHWouiBvX8dfMFtcn6V81REDqnH7+CRpRipfYlyU1CmOnOxrmGcFOjeA==}

  /csstype/3.0.11:
    resolution: {integrity: sha512-sa6P2wJ+CAbgyy4KFssIb/JNMLxFvKF1pCYCSXS8ZMuqZnMsrxqI2E5sPyoTpxoPU/gVZMzr2zjOfg8GIZOMsw==}
    dev: true

  /date-fns-tz/1.3.0_date-fns@2.28.0:
    resolution: {integrity: sha512-r6ye6PmGEvkF467/41qzU71oGwv9kHTnV3vtSZdyV6VThwPID47ZH7FtR7zQWrhgOUWkYySm2ems2w6ZfNUqoA==}
    peerDependencies:
      date-fns: '>=2.0.0'
    dependencies:
      date-fns: 2.28.0
    dev: true

  /date-fns/2.28.0:
    resolution: {integrity: sha512-8d35hViGYx/QH0icHYCeLmsLmMUheMmTyV9Fcm6gvNwdw31yXXH+O85sOBJ+OLnLQMKZowvpKb6FgMIQjcpvQw==}
    engines: {node: '>=0.11'}
    dev: true

  /deprecation/2.3.1:
    resolution: {integrity: sha512-xmHIy4F3scKVwMsQ4WnVaS8bHOx0DmVwRywosKhaILI0ywMDWPtBSku2HNxRvF7jtwDRsoEwYQSfbxj8b7RlJQ==}
    dev: false

  /diff-sequences/27.5.1:
    resolution: {integrity: sha512-k1gCAXAsNgLwEL+Y8Wvl+M6oEFj5bgazfZULpS5CneoPPXRaCCW7dm+q21Ky2VEE5X+VeRDBVg1Pcvvsr4TtNQ==}
    engines: {node: ^10.13.0 || ^12.13.0 || ^14.15.0 || >=15.0.0}
    dev: true

  /dynamics.js/1.1.5:
    resolution: {integrity: sha1-uQvcM2Bc7+ZSuEFucB95v27vzjI=}
    dev: false

  /entities/2.1.0:
    resolution: {integrity: sha512-hCx1oky9PFrJ611mf0ifBLBRW8lUUVRlFolb5gWRfIELabBlbp9xZvrqZLZAs+NxFnbfQoeGd8wDkygjg7U85w==}
    dev: false

  /esbuild-android-64/0.14.24:
    resolution: {integrity: sha512-mbhO8NepmUZ84cP/axGR8IzH1Trth+uknEJzz36cZl8FfMA3ooaiBsMyzJ35s70QEAreiEt1XzltZ4pcfOsVUA==}
    engines: {node: '>=12'}
    cpu: [x64]
    os: [android]
    requiresBuild: true
    dev: true
    optional: true

  /esbuild-android-arm64/0.14.24:
    resolution: {integrity: sha512-wM3iuLZjaA9BhlMOH6mWvTGXwPJsLOuAbMkGiczSY+NLeG2WF1ouCcuhFz2jZCbnw9lnI30QWgzebNBQi9K8SA==}
    engines: {node: '>=12'}
    cpu: [arm64]
    os: [android]
    requiresBuild: true
    dev: true
    optional: true

  /esbuild-darwin-64/0.14.24:
    resolution: {integrity: sha512-GDaCV5e9mdrJkrGT91W8WCqQ/+fvB/nsULIu4l7Ik7dlQd5uB4qeKRcFFl5Vz5ODK/C/UWZmKmMQWokZsLNWLQ==}
    engines: {node: '>=12'}
    cpu: [x64]
    os: [darwin]
    requiresBuild: true
    dev: true
    optional: true

  /esbuild-darwin-arm64/0.14.24:
    resolution: {integrity: sha512-reU7/vEdXsg+zZWxKL/gaHsJkGMCC49Y4pqbsaBmx0YAF00K0+V7w5BHBF+iY5jvtJ1ZCYRHTN/iAbYVOnoV0w==}
    engines: {node: '>=12'}
    cpu: [arm64]
    os: [darwin]
    requiresBuild: true
    dev: true
    optional: true

  /esbuild-freebsd-64/0.14.24:
    resolution: {integrity: sha512-Mp35Rz/XoixG7Uka6l54hU/XUxAEwQozgKoHPusJzX+Fu1vANil0Ypos0RJkidu7skSkd0xisNIT+gtD36BxpA==}
    engines: {node: '>=12'}
    cpu: [x64]
    os: [freebsd]
    requiresBuild: true
    dev: true
    optional: true

  /esbuild-freebsd-arm64/0.14.24:
    resolution: {integrity: sha512-+tf4a4zYaHP1XXPt286mxOc2bmj13K57GZYjqYz/G3c3sgNXa0JBkcPlUATIj96WfXhWM115n3nHe9wF88+ZGQ==}
    engines: {node: '>=12'}
    cpu: [arm64]
    os: [freebsd]
    requiresBuild: true
    dev: true
    optional: true

  /esbuild-linux-32/0.14.24:
    resolution: {integrity: sha512-8jMZErn5aLnlSQqzK365yoWRr67ZkGNcoTmk1CK5Bk1EB9g7uwCfdZsmWcclLWPGkIhMbdk4OvzQ+Wp0popwWA==}
    engines: {node: '>=12'}
    cpu: [ia32]
    os: [linux]
    requiresBuild: true
    dev: true
    optional: true

  /esbuild-linux-64/0.14.24:
    resolution: {integrity: sha512-D/JCsk9OY2IZj+fkU74pKD4rD2pjeiYUbze1cS5D6+U0pz8j71GjZY5UkfwHhBBbNyPe6DPCyex97txQUlHwWw==}
    engines: {node: '>=12'}
    cpu: [x64]
    os: [linux]
    requiresBuild: true
    dev: true
    optional: true

  /esbuild-linux-arm/0.14.24:
    resolution: {integrity: sha512-N+vvGpJAUWv3j+YZGOMEtrHwrrSG582TuAThBwoRE7d2N4zFE2WQBCiSYaAVckMQhvMOPqnCdqeTDUse5nlKTw==}
    engines: {node: '>=12'}
    cpu: [arm]
    os: [linux]
    requiresBuild: true
    dev: true
    optional: true

  /esbuild-linux-arm64/0.14.24:
    resolution: {integrity: sha512-DypWEDQLE+PoHGMa4FLcmKvS+yQLsYlsN03R496rTpDOiVQGrRdo0LbYtf+uHpDxa1KRrHZsQim6n8m3VBHP6g==}
    engines: {node: '>=12'}
    cpu: [arm64]
    os: [linux]
    requiresBuild: true
    dev: true
    optional: true

  /esbuild-linux-mips64le/0.14.24:
    resolution: {integrity: sha512-eMk9pEHba1yd5bOuPZUJfFucigvysdcE2d/wV4M0eUdb/VjyH9fcGqz8byvSjmYSOt3WCn/V4jLVI+pwDSHWYw==}
    engines: {node: '>=12'}
    cpu: [mips64el]
    os: [linux]
    requiresBuild: true
    dev: true
    optional: true

  /esbuild-linux-ppc64le/0.14.24:
    resolution: {integrity: sha512-4vQ/Y6EV5Z2BjO7RdpEyTCv702WmOPc95d2CbUcFvg78FpGQAmrbIrHXu/yX4+rdUU6vMNBn3M+7M7/lxmxjjg==}
    engines: {node: '>=12'}
    cpu: [ppc64]
    os: [linux]
    requiresBuild: true
    dev: true
    optional: true

  /esbuild-linux-riscv64/0.14.24:
    resolution: {integrity: sha512-pAN9/+NZ487Wo9PmlOM6Ra95SrhG8JQw7fCgi3z7dUufwTApTNTPGs5UOMD4Bmorju+DeGb0f0GddLaeabvqDg==}
    engines: {node: '>=12'}
    cpu: [riscv64]
    os: [linux]
    requiresBuild: true
    dev: true
    optional: true

  /esbuild-linux-s390x/0.14.24:
    resolution: {integrity: sha512-ZR+VMHP2WS3022x2sK/85cBfKGgPalIZzpquDWjra9nUb+WdEzuK9i9bRsstLmjIPs3uIkGfe6xXUh/7PNLllw==}
    engines: {node: '>=12'}
    cpu: [s390x]
    os: [linux]
    requiresBuild: true
    dev: true
    optional: true

  /esbuild-netbsd-64/0.14.24:
    resolution: {integrity: sha512-1PzXU++e0PEaSuGpkhrVb+fDUw9mSp4laY9KRsjJkAuXPDj0rHz7KxK7CAbzY/ucufeIR9Ca8/oMpdVyWdaOGw==}
    engines: {node: '>=12'}
    cpu: [x64]
    os: [netbsd]
    requiresBuild: true
    dev: true
    optional: true

  /esbuild-openbsd-64/0.14.24:
    resolution: {integrity: sha512-PvXh7JJAFM1kR87XDWbRrUkaOGVMS6Dq/IRXE2E02maio21JELk/jNRijTe81ztr8v+8K9osB3rG9zKqIdTxhQ==}
    engines: {node: '>=12'}
    cpu: [x64]
    os: [openbsd]
    requiresBuild: true
    dev: true
    optional: true

  /esbuild-sunos-64/0.14.24:
    resolution: {integrity: sha512-5iYi76kGQdyCqvSUknqjTZ0T19KvQD6hiklPAY6kVoQ1YoDUGCGILRI9eM/3zLNLG1bUFgcdJ2ktaBxwyXuHyA==}
    engines: {node: '>=12'}
    cpu: [x64]
    os: [sunos]
    requiresBuild: true
    dev: true
    optional: true

  /esbuild-windows-32/0.14.24:
    resolution: {integrity: sha512-oDxcNu4P1FWTk2ompKB0uKHfxYw1QuubH189+PlfrrWT9tVu+mxT9dSwJu2erfUDz5dnr6h8rgkg95NGboeJxg==}
    engines: {node: '>=12'}
    cpu: [ia32]
    os: [win32]
    requiresBuild: true
    dev: true
    optional: true

  /esbuild-windows-64/0.14.24:
    resolution: {integrity: sha512-0uxXF1yLcGEM2es0OMDgQYQGZXQEEIdq8cG3IWhY2GGfFRLXpMgic1iUE+SKCh+b82t1ftUVoyG0zIFRn5NOIA==}
    engines: {node: '>=12'}
    cpu: [x64]
    os: [win32]
    requiresBuild: true
    dev: true
    optional: true

  /esbuild-windows-arm64/0.14.24:
    resolution: {integrity: sha512-unwaYRaIK/4OaZm0jnM3pLKMPEjaQqmT5teTciSZ86VYaiYZF27Ki7BW7R5ngk27gIw0ovIfUcn9DhJgp7qAlw==}
    engines: {node: '>=12'}
    cpu: [arm64]
    os: [win32]
    requiresBuild: true
    dev: true
    optional: true

  /esbuild/0.14.24:
    resolution: {integrity: sha512-NjfmycVQqY0+iKXoHXsvMAKx4XF/bD/dDm8pK6C/3aJO/i/uby+7AR4z8vu0qkiihkB5Y43+9BjdY2MGnswC/A==}
    engines: {node: '>=12'}
    hasBin: true
    requiresBuild: true
    optionalDependencies:
      esbuild-android-64: 0.14.24
      esbuild-android-arm64: 0.14.24
      esbuild-darwin-64: 0.14.24
      esbuild-darwin-arm64: 0.14.24
      esbuild-freebsd-64: 0.14.24
      esbuild-freebsd-arm64: 0.14.24
      esbuild-linux-32: 0.14.24
      esbuild-linux-64: 0.14.24
      esbuild-linux-arm: 0.14.24
      esbuild-linux-arm64: 0.14.24
      esbuild-linux-mips64le: 0.14.24
      esbuild-linux-ppc64le: 0.14.24
      esbuild-linux-riscv64: 0.14.24
      esbuild-linux-s390x: 0.14.24
      esbuild-netbsd-64: 0.14.24
      esbuild-openbsd-64: 0.14.24
      esbuild-sunos-64: 0.14.24
      esbuild-windows-32: 0.14.24
      esbuild-windows-64: 0.14.24
      esbuild-windows-arm64: 0.14.24
    dev: true

  /estree-walker/2.0.2:
    resolution: {integrity: sha512-Rfkk/Mp/DL7JVje3u18FxFujQlTNR2q6QfMSMB7AvCBx91NGj/ba3kCfza0f6dVDbw7YlRf/nDrn7pQrCCyQ/w==}

  /evtd/0.2.3:
    resolution: {integrity: sha512-tmiT1YUVqFjTY+BSBOAskL83xNx41iUfpvKP6Gcd/xMHjg3mnER98jXGXJyKnxCG19uPc6EhZiUC+MUyvoqCtw==}
    dev: true

  /fsevents/2.3.2:
    resolution: {integrity: sha512-xiqMQR4xAeHTuB9uWm+fFRcIOgKBMiOBP+eXiyT7jsgVCq1bkVygt00oASowB7EdtpOHaaPgKt812P9ab+DDKA==}
    engines: {node: ^8.16.0 || ^10.6.0 || >=11.0.0}
    os: [darwin]
    requiresBuild: true
    dev: true
    optional: true

  /function-bind/1.1.1:
    resolution: {integrity: sha512-yIovAzMX49sF8Yl58fSCWJ5svSLuaibPxXQJFLmBObTuCr0Mf1KiPopGM9NiFjiYBCbfaa2Fh6breQ6ANVTI0A==}
    dev: true

  /gsap/3.9.1:
    resolution: {integrity: sha512-JSGVYoC6da4pIjdF/yxFU6Rz8OojOIDkbooveZlfNg0+JIoFoRruyfWAEi6R/gUeNcuOiTqUIb0gi1nCNrHf8w==}
    dev: false

  /has-flag/4.0.0:
    resolution: {integrity: sha512-EykJT/Q1KjTWctppgIAgfSO0tKVuZUjhgMr17kqTumMl6Afv3EISleU7qZUzoXDFTAHTDC4NOoG/ZxU3EvlMPQ==}
    engines: {node: '>=8'}
    dev: true

  /has/1.0.3:
    resolution: {integrity: sha512-f2dvO0VU6Oej7RkWJGrehjbzMAjFp5/VKPp5tTpWIV4JHHZK1/BxbFRtf/siA2SWTe09caDmVtYYzWEIbBS4zw==}
    engines: {node: '>= 0.4.0'}
    dependencies:
      function-bind: 1.1.1
    dev: true

  /highlight.js/11.4.0:
    resolution: {integrity: sha512-nawlpCBCSASs7EdvZOYOYVkJpGmAOKMYZgZtUqSRqodZE0GRVcFKwo1RcpeOemqh9hyttTdd5wDBwHkuSyUfnA==}
    engines: {node: '>=12.0.0'}
    dev: true

  /is-core-module/2.8.1:
    resolution: {integrity: sha512-SdNCUs284hr40hFTFP6l0IfZ/RSrMXF3qgoRHd3/79unUTvrFO/JoXwkGm+5J/Oe3E/b5GsnG330uUNgRpu1PA==}
    dependencies:
      has: 1.0.3
    dev: true

  /is-plain-object/5.0.0:
    resolution: {integrity: sha512-VRSzKkbMm5jMDoKLbltAkFQ5Qr7VDiTFGXxYFXXowVj387GeGNOCsOH6Msy00SGZ3Fp84b1Naa1psqgcCIEP5Q==}
    engines: {node: '>=0.10.0'}
    dev: false

  /jest-diff/27.5.1:
    resolution: {integrity: sha512-m0NvkX55LDt9T4mctTEgnZk3fmEg3NRYutvMPWM/0iPnkFj2wIeF45O1718cMSOFO1vINkqmxqD8vE37uTEbqw==}
    engines: {node: ^10.13.0 || ^12.13.0 || ^14.15.0 || >=15.0.0}
    dependencies:
      chalk: 4.1.2
      diff-sequences: 27.5.1
      jest-get-type: 27.5.1
      pretty-format: 27.5.1
    dev: true

  /jest-get-type/27.5.1:
    resolution: {integrity: sha512-2KY95ksYSaK7DMBWQn6dQz3kqAf3BB64y2udeG+hv4KfSOb9qwcYQstTJc1KCbsix+wLZWZYN8t7nwX3GOBLRw==}
    engines: {node: ^10.13.0 || ^12.13.0 || ^14.15.0 || >=15.0.0}
    dev: true

  /jest-matcher-utils/27.5.1:
    resolution: {integrity: sha512-z2uTx/T6LBaCoNWNFWwChLBKYxTMcGBRjAt+2SbP929/Fflb9aa5LGma654Rz8z9HLxsrUaYzxE9T/EFIL/PAw==}
    engines: {node: ^10.13.0 || ^12.13.0 || ^14.15.0 || >=15.0.0}
    dependencies:
      chalk: 4.1.2
      jest-diff: 27.5.1
      jest-get-type: 27.5.1
      pretty-format: 27.5.1
    dev: true

  /jsonc-parser/3.0.0:
    resolution: {integrity: sha512-fQzRfAbIBnR0IQvftw9FJveWiHp72Fg20giDrHz6TdfB12UH/uue0D3hm57UB5KgAVuniLMCaS8P1IMj9NR7cA==}
    dev: false

  /linkify-it/3.0.3:
    resolution: {integrity: sha512-ynTsyrFSdE5oZ/O9GEf00kPngmOfVwazR5GKDq6EYfhlpFug3J2zybX56a2PRRpc9P+FuSoGNAwjlbDs9jJBPQ==}
    dependencies:
      uc.micro: 1.0.6
    dev: false

  /lodash-es/4.17.21:
    resolution: {integrity: sha512-mKnC+QJ9pWVzv+C4/U3rRsHapFfHvQFoFB92e52xeyGMcX6/OlIl78je1u8vePzYZSkkogMPJ2yjxxsb89cxyw==}
    dev: true

  /lodash/4.17.21:
    resolution: {integrity: sha512-v2kDEe57lecTulaDIuNTPy3Ry4gLGJ6Z1O3vE1krgXZNrsQ+LFTGHVxVjcXPs17LhbZVGedAJv8XZ1tvj5FvSg==}
    dev: true

  /magic-string/0.25.9:
    resolution: {integrity: sha512-RmF0AsMzgt25qzqqLc1+MbHmhdx0ojF2Fvs4XnOqz2ZOBXzzkEwc/dJQZCYHAn7v1jbVOjAZfK8msRn4BxO4VQ==}
    dependencies:
      sourcemap-codec: 1.4.8

  /markdown-it/12.3.2:
    resolution: {integrity: sha512-TchMembfxfNVpHkbtriWltGWc+m3xszaRD0CZup7GFFhzIgQqxIfn3eGj1yZpfuflzPvfkt611B2Q/Bsk1YnGg==}
    hasBin: true
    dependencies:
      argparse: 2.0.1
      entities: 2.1.0
      linkify-it: 3.0.3
      mdurl: 1.0.1
      uc.micro: 1.0.6
    dev: false

  /mdurl/1.0.1:
    resolution: {integrity: sha1-/oWy7HWlkDfyrf7BAP1sYBdhFS4=}
    dev: false

  /naive-ui/2.26.0_vue@3.2.31:
    resolution: {integrity: sha512-4+78iqpQs1t8Xlq3Hrk1eSsm17d6ZScMNvnyo+KAiYdAWCfEsIdKb6ulkPGu7T0hpWL5A3TctJ5ioSbNlbN4LA==}
    peerDependencies:
      vue: ^3.0.0
    dependencies:
      '@css-render/plugin-bem': 0.15.8_css-render@0.15.8
      '@css-render/vue3-ssr': 0.15.8_vue@3.2.31
      '@types/lodash': 4.14.179
      '@types/lodash-es': 4.17.6
      async-validator: 4.0.7
      css-render: 0.15.8
      date-fns: 2.28.0
      date-fns-tz: 1.3.0_date-fns@2.28.0
      evtd: 0.2.3
      highlight.js: 11.4.0
      lodash: 4.17.21
      lodash-es: 4.17.21
      seemly: 0.3.3
      treemate: 0.3.10
      vdirs: 0.1.7_vue@3.2.31
      vfonts: 0.0.3
      vooks: 0.2.12_vue@3.2.31
      vue: 3.2.31
      vueuc: 0.4.27_vue@3.2.31
    dev: true

  /nanoid/3.3.1:
    resolution: {integrity: sha512-n6Vs/3KGyxPQd6uO0eH4Bv0ojGSUvuLlIHtC3Y0kEO23YRge8H9x1GCzLn28YX0H66pMkxuaeESFq4tKISKwdw==}
    engines: {node: ^10 || ^12 || ^13.7 || ^14 || >=15.0.1}
    hasBin: true

  /node-fetch/2.6.7:
    resolution: {integrity: sha512-ZjMPFEfVx5j+y2yF35Kzx5sF7kDzxuDj6ziH4FFbOp87zKDZNx8yExJIb05OGF4Nlt9IHFIMBkRl41VdvcNdbQ==}
    engines: {node: 4.x || >=6.0.0}
    peerDependencies:
      encoding: ^0.1.0
    peerDependenciesMeta:
      encoding:
        optional: true
    dependencies:
      whatwg-url: 5.0.0
    dev: false

  /normalize.css/8.0.1:
    resolution: {integrity: sha512-qizSNPO93t1YUuUhP22btGOo3chcvDFqFaj2TRybP0DMxkHOCTYwp3n34fel4a31ORXy4m1Xq0Gyqpb5m33qIg==}
    dev: false

  /once/1.4.0:
    resolution: {integrity: sha1-WDsap3WWHUsROsF9nFC6753Xa9E=}
    dependencies:
      wrappy: 1.0.2
    dev: false

  /path-parse/1.0.7:
    resolution: {integrity: sha512-LDJzPVEEEPR+y48z93A0Ed0yXb8pAByGWo/k5YYdYgpY2/2EsOsksJrq7lOHxryrVOn1ejG6oAp8ahvOIQD8sw==}
    dev: true

  /picocolors/1.0.0:
    resolution: {integrity: sha512-1fygroTLlHu66zi26VoTDv8yRgm0Fccecssto+MhsZ0D/DGW2sm8E8AjW7NU5VVTRt5GxbeZ5qBuJr+HyLYkjQ==}

  /postcss/8.4.7:
    resolution: {integrity: sha512-L9Ye3r6hkkCeOETQX6iOaWZgjp3LL6Lpqm6EtgbKrgqGGteRMNb9vzBfRL96YOSu8o7x3MfIH9Mo5cPJFGrW6A==}
    engines: {node: ^10 || ^12 || >=14}
    dependencies:
      nanoid: 3.3.1
      picocolors: 1.0.0
      source-map-js: 1.0.2

  /preact/10.6.6:
    resolution: {integrity: sha512-dgxpTFV2vs4vizwKohYKkk7g7rmp1wOOcfd4Tz3IB3Wi+ivZzsn/SpeKJhRENSE+n8sUfsAl4S3HiCVT923ABw==}

  /pretty-format/27.5.1:
    resolution: {integrity: sha512-Qb1gy5OrP5+zDf2Bvnzdl3jsTf1qXVMazbvCoKhtKqVs4/YK4ozX4gKQJJVyNe+cajNPn0KoC0MC3FUmaHWEmQ==}
    engines: {node: ^10.13.0 || ^12.13.0 || ^14.15.0 || >=15.0.0}
    dependencies:
      ansi-regex: 5.0.1
      ansi-styles: 5.2.0
      react-is: 17.0.2
    dev: true

  /prismjs/1.27.0:
    resolution: {integrity: sha512-t13BGPUlFDR7wRB5kQDG4jjl7XeuH6jbJGt11JHPL96qwsEHNX2+68tFXqc1/k+/jALsbSWJKUOT/hcYAZ5LkA==}
    engines: {node: '>=6'}
    dev: true

  /react-is/17.0.2:
    resolution: {integrity: sha512-w2GsyukL62IJnlaff/nRegPQR94C/XXamvMWmSHRJ4y7Ts/4ocGRmTHvOs8PSE6pB3dWOrD/nueuU5sduBsQ4w==}
    dev: true

  /resize-observer-polyfill/1.5.1:
    resolution: {integrity: sha512-LwZrotdHOo12nQuZlHEmtuXdqGoOD0OhaxopaNFxWzInpEgaLWoVuAMbTzixuosCx2nEG58ngzW3vxdWoxIgdg==}
    dev: true

  /resolve/1.22.0:
    resolution: {integrity: sha512-Hhtrw0nLeSrFQ7phPp4OOcVjLPIeMnRlr5mcnVuMe7M/7eBn98A3hmFRLoFo3DLZkivSYwhRUJTyPyWAk56WLw==}
    hasBin: true
    dependencies:
      is-core-module: 2.8.1
      path-parse: 1.0.7
      supports-preserve-symlinks-flag: 1.0.0
    dev: true

  /rollup/2.69.0:
    resolution: {integrity: sha512-kjER91tHyek8gAkuz7+558vSnTQ+pITEok1P0aNOS45ZXyngaqPsXJmSel4QPQnJo7EJMjXUU1/GErWkWiKORg==}
    engines: {node: '>=10.0.0'}
    hasBin: true
    optionalDependencies:
      fsevents: 2.3.2
    dev: true

  /seemly/0.3.3:
    resolution: {integrity: sha512-mAyqemz41e9HiZPMXAn7NtTExJgztwco5cdZjrt/iViU/oFeav+Q8K1c93M/tIZZ00QkT65JMr4xXQk7Vv5hWQ==}
    dependencies:
      '@types/jest': 27.4.1
    dev: true

  /shiki/0.9.15:
    resolution: {integrity: sha512-/Y0z9IzhJ8nD9nbceORCqu6NgT9X6I8Fk8c3SICHI5NbZRLdZYFaB233gwct9sU0vvSypyaL/qaKvzyQGJBZSw==}
    dependencies:
      jsonc-parser: 3.0.0
      vscode-oniguruma: 1.6.2
      vscode-textmate: 5.2.0
    dev: false

  /source-map-js/1.0.2:
    resolution: {integrity: sha512-R0XvVJ9WusLiqTCEiGCmICCMplcCkIwwR11mOSD9CR5u+IXYdiseeEuXCVAjS54zqwkLcPNnmU4OeJ6tUrWhDw==}
    engines: {node: '>=0.10.0'}

  /source-map/0.6.1:
    resolution: {integrity: sha512-UjgapumWlbMhkBgzT7Ykc5YXUT46F0iKu8SGXq0bcwP5dz/h0Plj6enJqjz1Zbq2l5WaqYnrVbwWOWMyF3F47g==}
    engines: {node: '>=0.10.0'}

  /sourcemap-codec/1.4.8:
    resolution: {integrity: sha512-9NykojV5Uih4lgo5So5dtw+f0JgJX30KCNI8gwhz2J9A15wD0Ml6tjHKwf6fTSa6fAdVBdZeNOs9eJ71qCk8vA==}

  /supports-color/7.2.0:
    resolution: {integrity: sha512-qpCAvRl9stuOHveKsn7HncJRvv501qIacKzQlO/+Lwxc9+0q2wLyv4Dfvt80/DPn2pqOBsJdDiogXGR9+OvwRw==}
    engines: {node: '>=8'}
    dependencies:
      has-flag: 4.0.0
    dev: true

  /supports-preserve-symlinks-flag/1.0.0:
    resolution: {integrity: sha512-ot0WnXS9fgdkgIcePe6RHNk1WA8+muPa6cSjeR3V8K27q9BB1rTE3R1p7Hv0z1ZyAc8s6Vvv8DIyWf681MAt0w==}
    engines: {node: '>= 0.4'}
    dev: true

  /tr46/0.0.3:
    resolution: {integrity: sha1-gYT9NH2snNwYWZLzpmIuFLnZq2o=}
    dev: false

  /treemate/0.3.10:
    resolution: {integrity: sha512-uxN98H84/zXAkn02rEeip9SNnOR889QIBXfpZnwjaanp8JRElxjdmDaKmVULclrn54J8RcJVCqfeQZsdeMjwow==}
    dev: true

  /uc.micro/1.0.6:
    resolution: {integrity: sha512-8Y75pvTYkLJW2hWQHXxoqRgV7qb9B+9vFEtidML+7koHUFapnVJAZ6cKs+Qjz5Aw3aZWHMC6u0wJE3At+nSGwA==}
    dev: false

  /universal-user-agent/6.0.0:
    resolution: {integrity: sha512-isyNax3wXoKaulPDZWHQqbmIx1k2tb9fb3GGDBRxCscfYV2Ch7WxPArBsFEG8s/safwXTT7H4QGhaIkTp9447w==}
    dev: false

  /vdirs/0.1.7_vue@3.2.31:
    resolution: {integrity: sha512-MEUaLhV1jJyUqA2Ar4DfvlQx8jWs+PpCZ2dbM0ILelpMWGOybzt8ddL456VxeIbY/tkuDGT/Wzb8GG4LCuLuHw==}
    peerDependencies:
      vue: ^3.0.11
    dependencies:
      evtd: 0.2.3
      vue: 3.2.31
    dev: true

  /vfonts/0.0.3:
    resolution: {integrity: sha512-nguyw8L6Un8eelg1vQ31vIU2ESxqid7EYmy8V+MDeMaHBqaRSkg3dTBToC1PR00D89UzS/SLkfYPnx0Wf23IQQ==}
    dev: true

  /vite/2.8.6:
    resolution: {integrity: sha512-e4H0QpludOVKkmOsRyqQ7LTcMUDF3mcgyNU4lmi0B5JUbe0ZxeBBl8VoZ8Y6Rfn9eFKYtdXNPcYK97ZwH+K2ug==}
    engines: {node: '>=12.2.0'}
    hasBin: true
    peerDependencies:
      less: '*'
      sass: '*'
      stylus: '*'
    peerDependenciesMeta:
      less:
        optional: true
      sass:
        optional: true
      stylus:
        optional: true
    dependencies:
      esbuild: 0.14.24
      postcss: 8.4.7
      resolve: 1.22.0
      rollup: 2.69.0
    optionalDependencies:
      fsevents: 2.3.2
    dev: true

  /vitepress/0.22.3:
    resolution: {integrity: sha512-Yfvu/rent2vp/TXIDZMutS6ft2TJPn4xngS48PYFWDEbuFI2ccUAXM481lF1qVVnCKxfh4g8e/KPvevSJdg1Bw==}
    engines: {node: '>=14.0.0'}
    hasBin: true
    dependencies:
      '@docsearch/css': 3.0.0
      '@docsearch/js': 3.0.0
      '@vitejs/plugin-vue': 2.2.4_vite@2.8.6+vue@3.2.31
      prismjs: 1.27.0
      vite: 2.8.6
      vue: 3.2.31
    transitivePeerDependencies:
      - '@algolia/client-search'
      - '@types/react'
      - less
      - react
      - react-dom
      - sass
      - stylus
    dev: true

  /vooks/0.2.12_vue@3.2.31:
    resolution: {integrity: sha512-iox0I3RZzxtKlcgYaStQYKEzWWGAduMmq+jS7OrNdQo1FgGfPMubGL3uGHOU9n97NIvfFDBGnpSvkWyb/NSn/Q==}
    peerDependencies:
      vue: ^3.0.0
    dependencies:
      evtd: 0.2.3
      vue: 3.2.31
    dev: true

  /vscode-oniguruma/1.6.2:
    resolution: {integrity: sha512-KH8+KKov5eS/9WhofZR8M8dMHWN2gTxjMsG4jd04YhpbPR91fUj7rYQ2/XjeHCJWbg7X++ApRIU9NUwM2vTvLA==}
    dev: false

  /vscode-textmate/5.2.0:
    resolution: {integrity: sha512-Uw5ooOQxRASHgu6C7GVvUxisKXfSgW4oFlO+aa+PAkgmH89O3CXxEEzNRNtHSqtXFTl0nAC1uYj0GMSH27uwtQ==}
    dev: false

  /vue-demi/0.12.1_vue@3.2.31:
    resolution: {integrity: sha512-QL3ny+wX8c6Xm1/EZylbgzdoDolye+VpCXRhI2hug9dJTP3OUJ3lmiKN3CsVV3mOJKwFi0nsstbgob0vG7aoIw==}
    engines: {node: '>=12'}
    hasBin: true
    requiresBuild: true
    peerDependencies:
      '@vue/composition-api': ^1.0.0-rc.1
      vue: ^3.0.0-0 || ^2.6.0
    peerDependenciesMeta:
      '@vue/composition-api':
        optional: true
    dependencies:
      vue: 3.2.31
    dev: false

  /vue/3.2.31:
    resolution: {integrity: sha512-odT3W2tcffTiQCy57nOT93INw1auq5lYLLYtWpPYQQYQOOdHiqFct9Xhna6GJ+pJQaF67yZABraH47oywkJgFw==}
    dependencies:
      '@vue/compiler-dom': 3.2.31
      '@vue/compiler-sfc': 3.2.31
      '@vue/runtime-dom': 3.2.31
      '@vue/server-renderer': 3.2.31_vue@3.2.31
      '@vue/shared': 3.2.31

  /vueuc/0.4.27_vue@3.2.31:
    resolution: {integrity: sha512-wkIM6F1VT9cuzC2YOIzktPcTJ3eI8FoQ39KazAKwcdPv3GcXZGO1vBZc3TspBwap0AIn9eF8dxvQAW80yxhbHg==}
    peerDependencies:
      vue: ^3.0.11
    dependencies:
      '@css-render/vue3-ssr': 0.15.8_vue@3.2.31
      css-render: 0.15.8
      evtd: 0.2.3
      resize-observer-polyfill: 1.5.1
      seemly: 0.3.3
      vdirs: 0.1.7_vue@3.2.31
      vooks: 0.2.12_vue@3.2.31
      vue: 3.2.31
    dev: true

  /webidl-conversions/3.0.1:
    resolution: {integrity: sha1-JFNCdeKnvGvnvIZhHMFq4KVlSHE=}
    dev: false

  /whatwg-url/5.0.0:
    resolution: {integrity: sha1-lmRU6HZUYuN2RNNib2dCzotwll0=}
    dependencies:
      tr46: 0.0.3
      webidl-conversions: 3.0.1
    dev: false

  /wrappy/1.0.2:
    resolution: {integrity: sha1-tSQ9jz7BqjXxNkYFvA0QNuMKtp8=}
    dev: false
